
Microsoft Visual Studio Solution File, Format Version 12.00
# Visual Studio Version 17
VisualStudioVersion = 17.1.32319.34
MinimumVisualStudioVersion = 10.0.40219.1
Project("{9A19103F-16F7-4668-BE54-9A1E7A4F7556}") = "Minimal.Api.Basic", "Minimal.Api.Basic\Minimal.Api.Basic.csproj", "{AC2020D2-8569-49F4-AB6C-E8F3B324BF66}"
EndProject
Project("{9A19103F-16F7-4668-BE54-9A1E7A4F7556}") = "Minimal.Api.Structured", "Minimal.Api.Structured\Minimal.Api.Structured.csproj", "{6625776A-0229-4A69-ADD5-66E9E01A046E}"
EndProject
Project("{FAE04EC0-301F-11D3-BF4B-00C04F79EFBC}") = "Minimal.Api.Common", "Minimal.Api.Common\Minimal.Api.Common.csproj", "{B417FD94-C57F-4D2D-9AA7-7F14F18A2CD8}"
EndProject
Project("{FAE04EC0-301F-11D3-BF4B-00C04F79EFBC}") = "Minimal.Api.Extras", "Minimal.Api.Extras\Minimal.Api.Extras.csproj", "{56E0F74F-859C-4002-940B-DC13D1F23CD0}"
EndProject
Project("{FAE04EC0-301F-11D3-BF4B-00C04F79EFBC}") = "Minimal.Api.Tests", "Minimal.Api.Tests\Minimal.Api.Tests.csproj", "{261E1B0A-EF20-4202-9C04-E1C2D23E24FF}"
EndProject
Project("{FAE04EC0-301F-11D3-BF4B-00C04F79EFBC}") = "Minimal.Api.Controllers", "Minimal.Api.Controllers\Minimal.Api.Controllers.csproj", "{8BD19667-0D0B-4CDB-996A-4B220A44DB72}"
EndProject
Global
	GlobalSection(SolutionConfigurationPlatforms) = preSolution
		Debug|Any CPU = Debug|Any CPU
		Release|Any CPU = Release|Any CPU
	EndGlobalSection
	GlobalSection(ProjectConfigurationPlatforms) = postSolution
		{AC2020D2-8569-49F4-AB6C-E8F3B324BF66}.Debug|Any CPU.ActiveCfg = Debug|Any CPU
		{AC2020D2-8569-49F4-AB6C-E8F3B324BF66}.Debug|Any CPU.Build.0 = Debug|Any CPU
		{AC2020D2-8569-49F4-AB6C-E8F3B324BF66}.Release|Any CPU.ActiveCfg = Release|Any CPU
		{AC2020D2-8569-49F4-AB6C-E8F3B324BF66}.Release|Any CPU.Build.0 = Release|Any CPU
		{6625776A-0229-4A69-ADD5-66E9E01A046E}.Debug|Any CPU.ActiveCfg = Debug|Any CPU
		{6625776A-0229-4A69-ADD5-66E9E01A046E}.Debug|Any CPU.Build.0 = Debug|Any CPU
		{6625776A-0229-4A69-ADD5-66E9E01A046E}.Release|Any CPU.ActiveCfg = Release|Any CPU
		{6625776A-0229-4A69-ADD5-66E9E01A046E}.Release|Any CPU.Build.0 = Release|Any CPU
		{B417FD94-C57F-4D2D-9AA7-7F14F18A2CD8}.Debug|Any CPU.ActiveCfg = Debug|Any CPU
		{B417FD94-C57F-4D2D-9AA7-7F14F18A2CD8}.Debug|Any CPU.Build.0 = Debug|Any CPU
		{B417FD94-C57F-4D2D-9AA7-7F14F18A2CD8}.Release|Any CPU.ActiveCfg = Release|Any CPU
		{B417FD94-C57F-4D2D-9AA7-7F14F18A2CD8}.Release|Any CPU.Build.0 = Release|Any CPU
		{56E0F74F-859C-4002-940B-DC13D1F23CD0}.Debug|Any CPU.ActiveCfg = Debug|Any CPU
		{56E0F74F-859C-4002-940B-DC13D1F23CD0}.Debug|Any CPU.Build.0 = Debug|Any CPU
		{56E0F74F-859C-4002-940B-DC13D1F23CD0}.Release|Any CPU.ActiveCfg = Release|Any CPU
		{56E0F74F-859C-4002-940B-DC13D1F23CD0}.Release|Any CPU.Build.0 = Release|Any CPU
		{261E1B0A-EF20-4202-9C04-E1C2D23E24FF}.Debug|Any CPU.ActiveCfg = Debug|Any CPU
		{261E1B0A-EF20-4202-9C04-E1C2D23E24FF}.Debug|Any CPU.Build.0 = Debug|Any CPU
		{261E1B0A-EF20-4202-9C04-E1C2D23E24FF}.Release|Any CPU.ActiveCfg = Release|Any CPU
		{261E1B0A-EF20-4202-9C04-E1C2D23E24FF}.Release|Any CPU.Build.0 = Release|Any CPU
		{8BD19667-0D0B-4CDB-996A-4B220A44DB72}.Debug|Any CPU.ActiveCfg = Debug|Any CPU
		{8BD19667-0D0B-4CDB-996A-4B220A44DB72}.Debug|Any CPU.Build.0 = Debug|Any CPU
		{8BD19667-0D0B-4CDB-996A-4B220A44DB72}.Release|Any CPU.ActiveCfg = Release|Any CPU
		{8BD19667-0D0B-4CDB-996A-4B220A44DB72}.Release|Any CPU.Build.0 = Release|Any CPU
	EndGlobalSection
	GlobalSection(SolutionProperties) = preSolution
		HideSolutionNode = FALSE
	EndGlobalSection
	GlobalSection(ExtensibilityGlobals) = postSolution
		SolutionGuid = {ED63425B-FD27-4FA8-83CB-5201E74756D9}
	EndGlobalSection
EndGlobal
